
Microsoft Visual Studio Solution File, Format Version 12.00
# Visual Studio Version 17
VisualStudioVersion = 17.7.34202.233
MinimumVisualStudioVersion = 10.0.40219.1
Project("{2150E333-8FDC-42A3-9474-1A3956D46DE8}") = "src", "src", "{7AC03A26-6ECF-4655-8CFE-A3452E754E55}"
EndProject
Project("{2150E333-8FDC-42A3-9474-1A3956D46DE8}") = "Services", "Services", "{A56BD1F4-DF83-4593-B967-B3CB1EC277B7}"
EndProject
Project("{2150E333-8FDC-42A3-9474-1A3956D46DE8}") = "Gateway", "Gateway", "{992250C7-5584-4C87-81E8-7794C8FDF80E}"
EndProject
Project("{9A19103F-16F7-4668-BE54-9A1E7A4F7556}") = "ProductService.API", "src\Services\ProductService.API\ProductService.API.csproj", "{B9E2A1C5-2E25-4D67-94FB-2CB9CDDB8B0B}"
EndProject
Project("{2150E333-8FDC-42A3-9474-1A3956D46DE8}") = "Client", "Client", "{B52436D0-5312-45A8-A5FC-DC3A9355EB05}"
EndProject
Project("{9A19103F-16F7-4668-BE54-9A1E7A4F7556}") = "InveonSignalR.Web", "src\Client\InveonSignalR.Web\InveonSignalR.Web.csproj", "{E1581273-6BE0-4BC1-9F81-2DA3F9037D9B}"
EndProject
Project("{9A19103F-16F7-4668-BE54-9A1E7A4F7556}") = "InveonSignalR.Gateway", "src\Gateway\InveonSignalR.Gateway\InveonSignalR.Gateway.csproj", "{EB357202-D854-4CE3-B02A-B5968D9D5BCF}"
EndProject
Project("{9A19103F-16F7-4668-BE54-9A1E7A4F7556}") = "InveonSignalR.Identity", "src\Services\InveonSignalR.Identity\InveonSignalR.Identity.csproj", "{370C4857-75CE-432A-B1B0-E41EFDA3AF53}"
EndProject
Project("{9A19103F-16F7-4668-BE54-9A1E7A4F7556}") = "ShoppingCard.API", "src\Services\ShoppingCard.API\ShoppingCard.API.csproj", "{5630EB9B-C54C-4D50-91A0-B830CADC4B4B}"
EndProject
Project("{2150E333-8FDC-42A3-9474-1A3956D46DE8}") = "Integration", "Integration", "{CA45D629-2B2E-48B2-A2E8-7971D9C01F16}"
EndProject
Project("{9A19103F-16F7-4668-BE54-9A1E7A4F7556}") = "CouponService.API", "src\Services\CouponService.API\CouponService.API.csproj", "{BD81A6A9-0687-49EE-8DF7-0E7689DC46BB}"
EndProject
Project("{9A19103F-16F7-4668-BE54-9A1E7A4F7556}") = "InveonSignalR.MessageBus", "src\Integration\InveonSignalR.MessageBus\InveonSignalR.MessageBus.csproj", "{2BC81D91-96EB-47E3-BC71-A5519AE3A2BA}"
EndProject
Project("{FAE04EC0-301F-11D3-BF4B-00C04F79EFBC}") = "OrderService.API", "src\Services\OrderService.API\OrderService.API.csproj", "{196DFCBF-30A2-4DC5-B9AF-4E9BB18A994D}"
EndProject
Global
	GlobalSection(SolutionConfigurationPlatforms) = preSolution
		Debug|Any CPU = Debug|Any CPU
		Release|Any CPU = Release|Any CPU
	EndGlobalSection
	GlobalSection(ProjectConfigurationPlatforms) = postSolution
		{B9E2A1C5-2E25-4D67-94FB-2CB9CDDB8B0B}.Debug|Any CPU.ActiveCfg = Debug|Any CPU
		{B9E2A1C5-2E25-4D67-94FB-2CB9CDDB8B0B}.Debug|Any CPU.Build.0 = Debug|Any CPU
		{B9E2A1C5-2E25-4D67-94FB-2CB9CDDB8B0B}.Release|Any CPU.ActiveCfg = Release|Any CPU
		{B9E2A1C5-2E25-4D67-94FB-2CB9CDDB8B0B}.Release|Any CPU.Build.0 = Release|Any CPU
		{E1581273-6BE0-4BC1-9F81-2DA3F9037D9B}.Debug|Any CPU.ActiveCfg = Debug|Any CPU
		{E1581273-6BE0-4BC1-9F81-2DA3F9037D9B}.Debug|Any CPU.Build.0 = Debug|Any CPU
		{E1581273-6BE0-4BC1-9F81-2DA3F9037D9B}.Release|Any CPU.ActiveCfg = Release|Any CPU
		{E1581273-6BE0-4BC1-9F81-2DA3F9037D9B}.Release|Any CPU.Build.0 = Release|Any CPU
		{EB357202-D854-4CE3-B02A-B5968D9D5BCF}.Debug|Any CPU.ActiveCfg = Debug|Any CPU
		{EB357202-D854-4CE3-B02A-B5968D9D5BCF}.Debug|Any CPU.Build.0 = Debug|Any CPU
		{EB357202-D854-4CE3-B02A-B5968D9D5BCF}.Release|Any CPU.ActiveCfg = Release|Any CPU
		{EB357202-D854-4CE3-B02A-B5968D9D5BCF}.Release|Any CPU.Build.0 = Release|Any CPU
		{370C4857-75CE-432A-B1B0-E41EFDA3AF53}.Debug|Any CPU.ActiveCfg = Debug|Any CPU
		{370C4857-75CE-432A-B1B0-E41EFDA3AF53}.Debug|Any CPU.Build.0 = Debug|Any CPU
		{370C4857-75CE-432A-B1B0-E41EFDA3AF53}.Release|Any CPU.ActiveCfg = Release|Any CPU
		{370C4857-75CE-432A-B1B0-E41EFDA3AF53}.Release|Any CPU.Build.0 = Release|Any CPU
		{5630EB9B-C54C-4D50-91A0-B830CADC4B4B}.Debug|Any CPU.ActiveCfg = Debug|Any CPU
		{5630EB9B-C54C-4D50-91A0-B830CADC4B4B}.Debug|Any CPU.Build.0 = Debug|Any CPU
		{5630EB9B-C54C-4D50-91A0-B830CADC4B4B}.Release|Any CPU.ActiveCfg = Release|Any CPU
		{5630EB9B-C54C-4D50-91A0-B830CADC4B4B}.Release|Any CPU.Build.0 = Release|Any CPU
		{BD81A6A9-0687-49EE-8DF7-0E7689DC46BB}.Debug|Any CPU.ActiveCfg = Debug|Any CPU
		{BD81A6A9-0687-49EE-8DF7-0E7689DC46BB}.Debug|Any CPU.Build.0 = Debug|Any CPU
		{BD81A6A9-0687-49EE-8DF7-0E7689DC46BB}.Release|Any CPU.ActiveCfg = Release|Any CPU
		{BD81A6A9-0687-49EE-8DF7-0E7689DC46BB}.Release|Any CPU.Build.0 = Release|Any CPU
		{2BC81D91-96EB-47E3-BC71-A5519AE3A2BA}.Debug|Any CPU.ActiveCfg = Debug|Any CPU
		{2BC81D91-96EB-47E3-BC71-A5519AE3A2BA}.Debug|Any CPU.Build.0 = Debug|Any CPU
		{2BC81D91-96EB-47E3-BC71-A5519AE3A2BA}.Release|Any CPU.ActiveCfg = Release|Any CPU
		{2BC81D91-96EB-47E3-BC71-A5519AE3A2BA}.Release|Any CPU.Build.0 = Release|Any CPU
		{196DFCBF-30A2-4DC5-B9AF-4E9BB18A994D}.Debug|Any CPU.ActiveCfg = Debug|Any CPU
		{196DFCBF-30A2-4DC5-B9AF-4E9BB18A994D}.Debug|Any CPU.Build.0 = Debug|Any CPU
		{196DFCBF-30A2-4DC5-B9AF-4E9BB18A994D}.Release|Any CPU.ActiveCfg = Release|Any CPU
		{196DFCBF-30A2-4DC5-B9AF-4E9BB18A994D}.Release|Any CPU.Build.0 = Release|Any CPU
	EndGlobalSection
	GlobalSection(SolutionProperties) = preSolution
		HideSolutionNode = FALSE
	EndGlobalSection
	GlobalSection(NestedProjects) = preSolution
		{A56BD1F4-DF83-4593-B967-B3CB1EC277B7} = {7AC03A26-6ECF-4655-8CFE-A3452E754E55}
		{992250C7-5584-4C87-81E8-7794C8FDF80E} = {7AC03A26-6ECF-4655-8CFE-A3452E754E55}
		{B9E2A1C5-2E25-4D67-94FB-2CB9CDDB8B0B} = {A56BD1F4-DF83-4593-B967-B3CB1EC277B7}
		{B52436D0-5312-45A8-A5FC-DC3A9355EB05} = {7AC03A26-6ECF-4655-8CFE-A3452E754E55}
		{E1581273-6BE0-4BC1-9F81-2DA3F9037D9B} = {B52436D0-5312-45A8-A5FC-DC3A9355EB05}
		{EB357202-D854-4CE3-B02A-B5968D9D5BCF} = {992250C7-5584-4C87-81E8-7794C8FDF80E}
		{370C4857-75CE-432A-B1B0-E41EFDA3AF53} = {A56BD1F4-DF83-4593-B967-B3CB1EC277B7}
		{5630EB9B-C54C-4D50-91A0-B830CADC4B4B} = {A56BD1F4-DF83-4593-B967-B3CB1EC277B7}
		{CA45D629-2B2E-48B2-A2E8-7971D9C01F16} = {7AC03A26-6ECF-4655-8CFE-A3452E754E55}
		{BD81A6A9-0687-49EE-8DF7-0E7689DC46BB} = {A56BD1F4-DF83-4593-B967-B3CB1EC277B7}
		{2BC81D91-96EB-47E3-BC71-A5519AE3A2BA} = {CA45D629-2B2E-48B2-A2E8-7971D9C01F16}
		{196DFCBF-30A2-4DC5-B9AF-4E9BB18A994D} = {A56BD1F4-DF83-4593-B967-B3CB1EC277B7}
	EndGlobalSection
	GlobalSection(ExtensibilityGlobals) = postSolution
		SolutionGuid = {E7B324C3-0D55-42AA-BF10-EFC45581AED8}
	EndGlobalSection
EndGlobal
